
Microsoft Visual Studio Solution File, Format Version 12.00
# Visual Studio Version 17
VisualStudioVersion = 17.11.35312.102
MinimumVisualStudioVersion = 10.0.40219.1
Project("{FAE04EC0-301F-11D3-BF4B-00C04F79EFBC}") = "RoomRentalBank", "RoomRentalBank\RoomRentalBank.csproj", "{B46CA021-8464-41C0-BDB6-EFB9927D1E2A}"
EndProject
Global
	GlobalSection(SolutionConfigurationPlatforms) = preSolution
		Debug|Any CPU = Debug|Any CPU
		Release|Any CPU = Release|Any CPU
	EndGlobalSection
	GlobalSection(ProjectConfigurationPlatforms) = postSolution
		{B46CA021-8464-41C0-BDB6-EFB9927D1E2A}.Debug|Any CPU.ActiveCfg = Debug|Any CPU
		{B46CA021-8464-41C0-BDB6-EFB9927D1E2A}.Debug|Any CPU.Build.0 = Debug|Any CPU
		{B46CA021-8464-41C0-BDB6-EFB9927D1E2A}.Release|Any CPU.ActiveCfg = Release|Any CPU
		{B46CA021-8464-41C0-BDB6-EFB9927D1E2A}.Release|Any CPU.Build.0 = Release|Any CPU
	EndGlobalSection
	GlobalSection(SolutionProperties) = preSolution
		HideSolutionNode = FALSE
	EndGlobalSection
	GlobalSection(ExtensibilityGlobals) = postSolution
		SolutionGuid = {C99D16EA-2DC9-4D2A-8090-F3707FEC09C0}
	EndGlobalSection
EndGlobal
